
Microsoft Visual Studio Solution File, Format Version 12.00
# Visual Studio 14
VisualStudioVersion = 14.0.25123.0
MinimumVisualStudioVersion = 10.0.40219.1
Project("{FAE04EC0-301F-11D3-BF4B-00C04F79EFBC}") = "Cipher_table_with_permutation_alphabetic_keys", "Cipher_table_with_permutation_alphabetic_keys\Cipher_table_with_permutation_alphabetic_keys.csproj", "{97300FB8-6C2D-4AA1-806D-E16FF0953A40}"
EndProject
Global
	GlobalSection(SolutionConfigurationPlatforms) = preSolution
		Debug|Any CPU = Debug|Any CPU
		Release|Any CPU = Release|Any CPU
	EndGlobalSection
	GlobalSection(ProjectConfigurationPlatforms) = postSolution
		{97300FB8-6C2D-4AA1-806D-E16FF0953A40}.Debug|Any CPU.ActiveCfg = Debug|Any CPU
		{97300FB8-6C2D-4AA1-806D-E16FF0953A40}.Debug|Any CPU.Build.0 = Debug|Any CPU
		{97300FB8-6C2D-4AA1-806D-E16FF0953A40}.Release|Any CPU.ActiveCfg = Release|Any CPU
		{97300FB8-6C2D-4AA1-806D-E16FF0953A40}.Release|Any CPU.Build.0 = Release|Any CPU
	EndGlobalSection
	GlobalSection(SolutionProperties) = preSolution
		HideSolutionNode = FALSE
	EndGlobalSection
EndGlobal
