
Microsoft Visual Studio Solution File, Format Version 12.00
# Visual Studio 14
VisualStudioVersion = 14.0.25123.0
MinimumVisualStudioVersion = 10.0.40219.1
Project("{FAE04EC0-301F-11D3-BF4B-00C04F79EFBC}") = "words_of_alphabet", "words_of_alphabet\words_of_alphabet.csproj", "{623E1FC2-9D9A-4B87-A5C7-D3AB82207DBF}"
EndProject
Global
	GlobalSection(SolutionConfigurationPlatforms) = preSolution
		Debug|Any CPU = Debug|Any CPU
		Release|Any CPU = Release|Any CPU
	EndGlobalSection
	GlobalSection(ProjectConfigurationPlatforms) = postSolution
		{623E1FC2-9D9A-4B87-A5C7-D3AB82207DBF}.Debug|Any CPU.ActiveCfg = Debug|Any CPU
		{623E1FC2-9D9A-4B87-A5C7-D3AB82207DBF}.Debug|Any CPU.Build.0 = Debug|Any CPU
		{623E1FC2-9D9A-4B87-A5C7-D3AB82207DBF}.Release|Any CPU.ActiveCfg = Release|Any CPU
		{623E1FC2-9D9A-4B87-A5C7-D3AB82207DBF}.Release|Any CPU.Build.0 = Release|Any CPU
	EndGlobalSection
	GlobalSection(SolutionProperties) = preSolution
		HideSolutionNode = FALSE
	EndGlobalSection
EndGlobal
